{
  "nodes": {
    "flake-compat": {
      "flake": false,
      "locked": {
        "lastModified": 1696426674,
        "narHash": "sha256-kvjfFW7WAETZlt09AgDn1MrtKzP7t90Vf7vypd3OL1U=",
        "owner": "edolstra",
        "repo": "flake-compat",
        "rev": "0f9255e01c2351cc7d116c072cb317785dd33b33",
        "type": "github"
      },
      "original": {
        "owner": "edolstra",
        "repo": "flake-compat",
        "type": "github"
      }
    },
    "flake-utils": {
      "inputs": {
        "systems": "systems"
      },
      "locked": {
        "lastModified": 1726560853,
        "narHash": "sha256-X6rJYSESBVr3hBoH0WbKE5KvhPU5bloyZ2L4K60/fPQ=",
        "owner": "numtide",
        "repo": "flake-utils",
        "rev": "c1dfcf08411b08f6b8615f7d8971a2bfa81d5e8a",
        "type": "github"
      },
      "original": {
        "owner": "numtide",
        "repo": "flake-utils",
        "type": "github"
      }
    },
    "home-manager": {
      "inputs": {
        "nixpkgs": [
          "nixpkgs"
        ]
      },
      "locked": {
        "lastModified": 1728903686,
        "narHash": "sha256-ZHFrGNWDDriZ4m8CA/5kDa250SG1LiiLPApv1p/JF0o=",
        "owner": "nix-community",
        "repo": "home-manager",
        "rev": "e1aec543f5caf643ca0d94b6a633101942fd065f",
        "type": "github"
      },
      "original": {
        "owner": "nix-community",
        "repo": "home-manager",
        "type": "github"
      }
    },
    "nixos-wsl": {
      "inputs": {
        "flake-compat": "flake-compat",
        "flake-utils": "flake-utils",
        "nixpkgs": "nixpkgs"
      },
      "locked": {
        "lastModified": 1728905507,
        "narHash": "sha256-wQ/K5S3GbgInO3Rtl1NPVHzwBCNmZA++NNQWSQCZqCU=",
        "owner": "nix-community",
        "repo": "NixOS-WSL",
        "rev": "66bbd8fb32b6bb513ec093323081747945bb5f08",
        "type": "github"
      },
      "original": {
        "owner": "nix-community",
        "ref": "main",
        "repo": "NixOS-WSL",
        "type": "github"
      }
    },
    "nixpkgs": {
      "locked": {
        "lastModified": 1728740863,
        "narHash": "sha256-u+rxA79a0lyhG+u+oPBRtTDtzz8kvkc9a6SWSt9ekVc=",
        "owner": "NixOS",
        "repo": "nixpkgs",
        "rev": "a3f9ad65a0bf298ed5847629a57808b97e6e8077",
        "type": "github"
      },
      "original": {
        "owner": "NixOS",
        "ref": "nixos-24.05",
        "repo": "nixpkgs",
        "type": "github"
      }
    },
    "nixpkgs-stable": {
      "locked": {
        "lastModified": 1728156290,
        "narHash": "sha256-uogSvuAp+1BYtdu6UWuObjHqSbBohpyARXDWqgI12Ss=",
        "owner": "NixOS",
        "repo": "nixpkgs",
        "rev": "17ae88b569bb15590549ff478bab6494dde4a907",
        "type": "github"
      },
      "original": {
        "owner": "NixOS",
        "ref": "release-24.05",
        "repo": "nixpkgs",
        "type": "github"
      }
    },
    "nixpkgs_2": {
      "locked": {
        "lastModified": 1728999233,
        "narHash": "sha256-4VUwvDfIG0tczBu7kr7FLShcvEP886XRk25GKDBK2h4=",
        "owner": "nixos",
        "repo": "nixpkgs",
        "rev": "00d748fa354d08c934860347ee4074e12235f8d4",
        "type": "github"
      },
      "original": {
        "owner": "nixos",
        "repo": "nixpkgs",
        "type": "github"
      }
    },
    "nixpkgs_3": {
      "locked": {
        "lastModified": 1728093190,
        "narHash": "sha256-CAZF2NRuHmqTtRTNAruWpHA43Gg2UvuCNEIzabP0l6M=",
        "owner": "NixOS",
        "repo": "nixpkgs",
        "rev": "e2f08f4d8b3ecb5cf5c9fd9cb2d53bb3c71807da",
        "type": "github"
      },
      "original": {
        "owner": "NixOS",
        "ref": "nixpkgs-unstable",
        "repo": "nixpkgs",
        "type": "github"
      }
    },
    "plugins-angularls": {
      "flake": false,
      "locked": {
        "lastModified": 1727451061,
        "narHash": "sha256-13Sofaio1bS2urHbbgL/aOQJJG5KSM5rIQjLeSsqegs=",
        "type": "tarball",
        "url": "https://registry.npmjs.org/@angular/language-server/-/language-server-18.2.0.tgz"
      },
      "original": {
        "type": "tarball",
        "url": "https://registry.npmjs.org/@angular/language-server/-/language-server-18.2.0.tgz"
      }
    },
    "root": {
      "inputs": {
        "home-manager": "home-manager",
        "nixos-wsl": "nixos-wsl",
        "nixpkgs": "nixpkgs_2",
        "plugins-angularls": "plugins-angularls",
        "sops-nix": "sops-nix"
      }
    },
    "sops-nix": {
      "inputs": {
        "nixpkgs": "nixpkgs_3",
        "nixpkgs-stable": "nixpkgs-stable"
      },
      "locked": {
        "lastModified": 1728345710,
        "narHash": "sha256-lpunY1+bf90ts+sA2/FgxVNIegPDKCpEoWwOPu4ITTQ=",
        "owner": "Mic92",
        "repo": "sops-nix",
        "rev": "06535d0e3d0201e6a8080dd32dbfde339b94f01b",
        "type": "github"
      },
      "original": {
        "owner": "Mic92",
        "repo": "sops-nix",
        "type": "github"
      }
    },
    "systems": {
      "locked": {
        "lastModified": 1681028828,
        "narHash": "sha256-Vy1rq5AaRuLzOxct8nz4T6wlgyUR7zLU309k9mBC768=",
        "owner": "nix-systems",
        "repo": "default",
        "rev": "da67096a3b9bf56a91d16901293e51ba5b49a27e",
        "type": "github"
      },
      "original": {
        "owner": "nix-systems",
        "repo": "default",
        "type": "github"
      }
    }
  },
  "root": "root",
  "version": 7
}
